{
  "originHash" : "a2fc303e4b16c93c972ef2ddc4042cf91a9400e5d1639bc9740a80c0336cdd4e",
  "pins" : [
    {
      "identity" : "posthog-ios",
      "kind" : "remoteSourceControl",
      "location" : "https://github.com/PostHog/posthog-ios",
      "state" : {
        "revision" : "5afb749442ecf7798a725ccd30342d94abb5e57f",
        "version" : "3.41.0"
      }
    }
  ],
  "version" : 3
}
